
Microsoft Visual Studio Solution File, Format Version 12.00
# Visual Studio Version 17
VisualStudioVersion = 17.3.32811.315
MinimumVisualStudioVersion = 10.0.40219.1
Project("{9A19103F-16F7-4668-BE54-9A1E7A4F7556}") = "Time Tools", "Time Tools\Time Tools.csproj", "{813F0D7B-DA4F-4CFB-A86F-DE151D79E6EA}"
	ProjectSection(ProjectDependencies) = postProject
		{A2B7C3D3-CD2E-4CF9-AE1B-B192D45DE81A} = {A2B7C3D3-CD2E-4CF9-AE1B-B192D45DE81A}
	EndProjectSection
EndProject
Project("{9A19103F-16F7-4668-BE54-9A1E7A4F7556}") = "LibZNI", "libzni\LibZNI.csproj", "{A2B7C3D3-CD2E-4CF9-AE1B-B192D45DE81A}"
EndProject
Project("{54435603-DBB4-11D2-8724-00A0C9A8B90C}") = "Installer", "Installer\Installer.vdproj", "{CBA86F88-5736-4CBF-8798-A59EBC5D7995}"
EndProject
Global
	GlobalSection(SolutionConfigurationPlatforms) = preSolution
		DebPub|Any CPU = DebPub|Any CPU
		Debug|Any CPU = Debug|Any CPU
		KVPBuild|Any CPU = KVPBuild|Any CPU
		Release|Any CPU = Release|Any CPU
	EndGlobalSection
	GlobalSection(ProjectConfigurationPlatforms) = postSolution
		{813F0D7B-DA4F-4CFB-A86F-DE151D79E6EA}.DebPub|Any CPU.ActiveCfg = Debug|Any CPU
		{813F0D7B-DA4F-4CFB-A86F-DE151D79E6EA}.DebPub|Any CPU.Build.0 = Debug|Any CPU
		{813F0D7B-DA4F-4CFB-A86F-DE151D79E6EA}.Debug|Any CPU.ActiveCfg = Debug|Any CPU
		{813F0D7B-DA4F-4CFB-A86F-DE151D79E6EA}.Debug|Any CPU.Build.0 = Debug|Any CPU
		{813F0D7B-DA4F-4CFB-A86F-DE151D79E6EA}.KVPBuild|Any CPU.ActiveCfg = Debug|Any CPU
		{813F0D7B-DA4F-4CFB-A86F-DE151D79E6EA}.KVPBuild|Any CPU.Build.0 = Debug|Any CPU
		{813F0D7B-DA4F-4CFB-A86F-DE151D79E6EA}.Release|Any CPU.ActiveCfg = Release|Any CPU
		{813F0D7B-DA4F-4CFB-A86F-DE151D79E6EA}.Release|Any CPU.Build.0 = Release|Any CPU
		{A2B7C3D3-CD2E-4CF9-AE1B-B192D45DE81A}.DebPub|Any CPU.ActiveCfg = DebPub|Any CPU
		{A2B7C3D3-CD2E-4CF9-AE1B-B192D45DE81A}.DebPub|Any CPU.Build.0 = DebPub|Any CPU
		{A2B7C3D3-CD2E-4CF9-AE1B-B192D45DE81A}.Debug|Any CPU.ActiveCfg = Debug|Any CPU
		{A2B7C3D3-CD2E-4CF9-AE1B-B192D45DE81A}.Debug|Any CPU.Build.0 = Debug|Any CPU
		{A2B7C3D3-CD2E-4CF9-AE1B-B192D45DE81A}.KVPBuild|Any CPU.ActiveCfg = KVPBuild|Any CPU
		{A2B7C3D3-CD2E-4CF9-AE1B-B192D45DE81A}.KVPBuild|Any CPU.Build.0 = KVPBuild|Any CPU
		{A2B7C3D3-CD2E-4CF9-AE1B-B192D45DE81A}.Release|Any CPU.ActiveCfg = Release|Any CPU
		{A2B7C3D3-CD2E-4CF9-AE1B-B192D45DE81A}.Release|Any CPU.Build.0 = Release|Any CPU
		{CBA86F88-5736-4CBF-8798-A59EBC5D7995}.DebPub|Any CPU.ActiveCfg = Debug
		{CBA86F88-5736-4CBF-8798-A59EBC5D7995}.Debug|Any CPU.ActiveCfg = Debug
		{CBA86F88-5736-4CBF-8798-A59EBC5D7995}.KVPBuild|Any CPU.ActiveCfg = Debug
		{CBA86F88-5736-4CBF-8798-A59EBC5D7995}.Release|Any CPU.ActiveCfg = Release
	EndGlobalSection
	GlobalSection(SolutionProperties) = preSolution
		HideSolutionNode = FALSE
	EndGlobalSection
	GlobalSection(ExtensibilityGlobals) = postSolution
		SolutionGuid = {E6AD759A-FDF4-48FB-A7AF-C093734EDD1C}
	EndGlobalSection
EndGlobal
